
Microsoft Visual Studio Solution File, Format Version 12.00
# Visual Studio Version 16
VisualStudioVersion = 16.0.29411.108
MinimumVisualStudioVersion = 10.0.40219.1
Project("{FAE04EC0-301F-11D3-BF4B-00C04F79EFBC}") = "cinema", "cinema\cinema.csproj", "{1A236D08-D005-47E2-961A-AFE8DC776CC8}"
EndProject
Global
	GlobalSection(SolutionConfigurationPlatforms) = preSolution
		Debug|Any CPU = Debug|Any CPU
		Release|Any CPU = Release|Any CPU
	EndGlobalSection
	GlobalSection(ProjectConfigurationPlatforms) = postSolution
		{1A236D08-D005-47E2-961A-AFE8DC776CC8}.Debug|Any CPU.ActiveCfg = Debug|Any CPU
		{1A236D08-D005-47E2-961A-AFE8DC776CC8}.Debug|Any CPU.Build.0 = Debug|Any CPU
		{1A236D08-D005-47E2-961A-AFE8DC776CC8}.Release|Any CPU.ActiveCfg = Release|Any CPU
		{1A236D08-D005-47E2-961A-AFE8DC776CC8}.Release|Any CPU.Build.0 = Release|Any CPU
	EndGlobalSection
	GlobalSection(SolutionProperties) = preSolution
		HideSolutionNode = FALSE
	EndGlobalSection
	GlobalSection(ExtensibilityGlobals) = postSolution
		SolutionGuid = {376D99CC-77F7-4140-BBBF-3F622DC70D88}
	EndGlobalSection
EndGlobal
